github.com/yufeifly/gopl.io v0.0.0-20200920103000-1a80a6305b00 h1:7MAvaQghZ4ITDB7TCyjetFV/3arZ8iD27V9AsBW26sQ=
github.com/yufeifly/gopl.io v0.0.0-20201001032947-30d6d3e2bc4d h1:cc8DZUOnj3lZHkHS793U4HHlNuNwNPeK0L4RKzNC0PU=
github.com/yufeifly/gopl.io v0.0.0-20201001032947-30d6d3e2bc4d/go.mod h1:lsVTyI5NVKn5qWrVuls1TbPAyn9G2KEWqrBaHc5a9OE=
